PODS:
  - Alamofire (4.8.1)
  - EZSwiftExtensions (2.0)
  - IQKeyboardManagerSwift (6.2.0)
  - MMMaterialDesignSpinner (0.2.5)
  - SDWebImage (4.4.4):
    - SDWebImage/Core (= 4.4.4)
  - SDWebImage/Core (4.4.4)
  - Stripe (15.0.0)
  - SwiftyJSON (4.2.0)

DEPENDENCIES:
  - Alamofire (~> 4.0)
  - EZSwiftExtensions
  - IQKeyboardManagerSwift
  - MMMaterialDesignSpinner
  - SDWebImage (~> 4.0)
  - Stripe
  - SwiftyJSON (~> 4.2.0)

SPEC REPOS:
  https://github.com/cocoapods/specs.git:
    - Alamofire
    - EZSwiftExtensions
    - IQKeyboardManagerSwift
    - MMMaterialDesignSpinner
    - SDWebImage
    - Stripe
    - SwiftyJSON

SPEC CHECKSUMS:
  Alamofire: 16ce2c353fb72865124ddae8a57c5942388f4f11
  EZSwiftExtensions: f73648a591e529a1dbd83c22b19fd3e57df6fb7d
  IQKeyboardManagerSwift: b07ccf9d8cafe993dcd6cb794eb4ba34611a0c4e
  MMMaterialDesignSpinner: a548042720c2e5f04212048483085d7942ac3e81
  SDWebImage: c00ec18ab25d10e5ffac109b0f78d1b4341c9691
  Stripe: 312b22a67af9fa55c246d26148b3f3a9636a0ff2
  SwiftyJSON: c4bcba26dd9ec7a027fc8eade48e2c911f229e96

PODFILE CHECKSUM: 27d24c011256bec14052d53a721e7c4209a71159

COCOAPODS: 1.5.3
